version = 1
revision = 2
requires-python = ">=3.13"

[[package]]
name = "annotated-types"
version = "0.7.0"
source = { registry = "https://pypi.org/simple" }
sdist = { url = "https://files.pythonhosted.org/packages/ee/67/531ea369ba64dcff5ec9c3402f9f51bf748cec26dde048a2f973a4eea7f5/annotated_types-0.7.0.tar.gz", hash = "sha256:aff07c09a53a08bc8cfccb9c85b05f1aa9a2a6f23728d790723543408344ce89", size = 16081, upload-time = "2024-05-20T21:33:25.928Z" }
wheels = [
    { url = "https://files.pythonhosted.org/packages/78/b6/6307fbef88d9b5ee7421e68d78a9f162e0da4900bc5f5793f6d3d0e34fb8/annotated_types-0.7.0-py3-none-any.whl", hash = "sha256:1f02e8b43a8fbbc3f3e0d4f0f4bfc8131bcb4eebe8849b8e5c773f3a1c582a53", size = 13643, upload-time = "2024-05-20T21:33:24.1Z" },
]

[[package]]
name = "click"
version = "8.3.0"
source = { registry = "https://pypi.org/simple" }
dependencies = [
    { name = "colorama", marker = "sys_platform == 'win32'" },
]
sdist = { url = "https://files.pythonhosted.org/packages/46/61/de6cd827efad202d7057d93e0fed9294b96952e188f7384832791c7b2254/click-8.3.0.tar.gz", hash = "sha256:e7b8232224eba16f4ebe410c25ced9f7875cb5f3263ffc93cc3e8da705e229c4", size = 276943, upload-time = "2025-09-18T17:32:23.696Z" }
wheels = [
    { url = "https://files.pythonhosted.org/packages/db/d3/9dcc0f5797f070ec8edf30fbadfb200e71d9db6b84d211e3b2085a7589a0/click-8.3.0-py3-none-any.whl", hash = "sha256:9b9f285302c6e3064f4330c05f05b81945b2a39544279343e6e7c5f27a9baddc", size = 107295, upload-time = "2025-09-18T17:32:22.42Z" },
]

[[package]]
name = "colorama"
version = "0.4.6"
source = { registry = "https://pypi.org/simple" }
sdist = { url = "https://files.pythonhosted.org/packages/d8/53/6f443c9a4a8358a93a6792e2acffb9d9d5cb0a5cfd8802644b7b1c9a02e4/colorama-0.4.6.tar.gz", hash = "sha256:08695f5cb7ed6e0531a20572697297273c47b8cae5a63ffc6d6ed5c201be6e44", size = 27697, upload-time = "2022-10-25T02:36:22.414Z" }
wheels = [
    { url = "https://files.pythonhosted.org/packages/d1/d6/3965ed04c63042e047cb6a3e6ed1a63a35087b6a609aa3a15ed8ac56c221/colorama-0.4.6-py2.py3-none-any.whl", hash = "sha256:4f1d9991f5acc0ca119f9d443620b77f9d6b33703e51011c16baf57afb285fc6", size = 25335, upload-time = "2022-10-25T02:36:20.889Z" },
]

[[package]]
name = "dnspython"
version = "2.8.0"
source = { registry = "https://pypi.org/simple" }
sdist = { url = "https://files.pythonhosted.org/packages/8c/8b/57666417c0f90f08bcafa776861060426765fdb422eb10212086fb811d26/dnspython-2.8.0.tar.gz", hash = "sha256:181d3c6996452cb1189c4046c61599b84a5a86e099562ffde77d26984ff26d0f", size = 368251, upload-time = "2025-09-07T18:58:00.022Z" }
wheels = [
    { url = "https://files.pythonhosted.org/packages/ba/5a/18ad964b0086c6e62e2e7500f7edc89e3faa45033c71c1893d34eed2b2de/dnspython-2.8.0-py3-none-any.whl", hash = "sha256:01d9bbc4a2d76bf0db7c1f729812ded6d912bd318d3b1cf81d30c0f845dbf3af", size = 331094, upload-time = "2025-09-07T18:57:58.071Z" },
]

[[package]]
name = "mongodb-network-types"
version = "0.1.0"
source = { virtual = "." }
dependencies = [
    { name = "annotated-types" },
    { name = "click" },
    { name = "pymongo" },
    { name = "pytricia" },
    { name = "treelib" },
]

[package.metadata]
requires-dist = [
    { name = "annotated-types", specifier = ">=0.7.0" },
    { name = "click", specifier = ">=8.3.0" },
    { name = "pymongo", specifier = ">=4.15.1" },
    { name = "pytricia", specifier = ">=1.3.0" },
    { name = "treelib", specifier = ">=1.8.0" },
]

[[package]]
name = "pymongo"
version = "4.15.1"
source = { registry = "https://pypi.org/simple" }
dependencies = [
    { name = "dnspython" },
]
sdist = { url = "https://files.pythonhosted.org/packages/22/f5/c0c6732fbd358b75a07e17d7e588fd23d481b9812ca96ceeff90bbf879fc/pymongo-4.15.1.tar.gz", hash = "sha256:b9f379a4333dc3779a6bf7adfd077d4387404ed1561472743486a9c58286f705", size = 2470613, upload-time = "2025-09-16T16:39:47.24Z" }
wheels = [
    { url = "https://files.pythonhosted.org/packages/a6/22/02ac885d8accb4c86ae92e99681a09f3fd310c431843fc850e141b42ab17/pymongo-4.15.1-cp313-cp313-macosx_10_13_x86_64.whl", hash = "sha256:622957eed757e44d9605c43b576ef90affb61176d9e8be7356c1a2948812cb84", size = 974492, upload-time = "2025-09-16T16:38:50.437Z" },
    { url = "https://files.pythonhosted.org/packages/56/bf/71685b6b2d085dbaadf029b1ea4a1bc7a1bc483452513dea283b47a5f7c0/pymongo-4.15.1-cp313-cp313-macosx_11_0_arm64.whl", hash = "sha256:c5283dffcf601b793a57bb86819a467473bbb1bf21cd170c0b9648f933f22131", size = 974191, upload-time = "2025-09-16T16:38:52.725Z" },
    { url = "https://files.pythonhosted.org/packages/df/98/141edc92fa97af96b4c691e10a7225ac3e552914e88b7a8d439bd6bc9fcc/pymongo-4.15.1-cp313-cp313-manylinux_2_17_aarch64.manylinux2014_aarch64.whl", hash = "sha256:def51dea1f8e336aed807eb5d2f2a416c5613e97ec64f07479681d05044c217c", size = 1962311, upload-time = "2025-09-16T16:38:54.319Z" },
    { url = "https://files.pythonhosted.org/packages/f8/a9/601b91607af1dec8035b46ba67a5a023c819ccedd40d6f6232e15bf76030/pymongo-4.15.1-cp313-cp313-manylinux_2_17_ppc64le.manylinux2014_ppc64le.whl", hash = "sha256:24171b2015052b2f0a3f8cbfa38b973fa87f6474e88236a4dfeb735983f9f49e", size = 2039667, upload-time = "2025-09-16T16:38:55.958Z" },
    { url = "https://files.pythonhosted.org/packages/4f/71/02e9a5248e0a9dfc371fd7350f8b11eac03d9eb3662328978f37613d319a/pymongo-4.15.1-cp313-cp313-manylinux_2_17_s390x.manylinux2014_s390x.whl", hash = "sha256:64b60ed7220c52f8c78c7af8d2c58f7e415732e21b3ff7e642169efa6e0b11e7", size = 2003579, upload-time = "2025-09-16T16:38:57.576Z" },
    { url = "https://files.pythonhosted.org/packages/f9/d1/b1a9520b33e022ed1c0d2d43e8805ba18d3d686fc9c9d89a507593f6dd86/pymongo-4.15.1-cp313-cp313-manylinux_2_17_x86_64.manylinux2014_x86_64.whl", hash = "sha256:58236ce5ba3a79748c1813221b07b411847fd8849ff34c2891ba56f807cce3e5", size = 1964307, upload-time = "2025-09-16T16:38:59.219Z" },
    { url = "https://files.pythonhosted.org/packages/3d/d1/1d205a762020f056c05899a912364c48bac0f3438502b36d057aa1da3ca5/pymongo-4.15.1-cp313-cp313-manylinux_2_5_i686.manylinux1_i686.manylinux_2_17_i686.manylinux2014_i686.whl", hash = "sha256:7461e777b3da96568c1f077b1fbf9e0c15667ac4d8b9a1cf90d80a69fe3be609", size = 1913879, upload-time = "2025-09-16T16:39:01.266Z" },
    { url = "https://files.pythonhosted.org/packages/44/d1/0a3ab2440ea00b6423f33c84e6433022fd51f3561dede9346f54f39cf4dd/pymongo-4.15.1-cp313-cp313-win32.whl", hash = "sha256:45f0a2fb09704ca5e0df08a794076d21cbe5521d3a8ceb8ad6d51cef12f5f4e7", size = 938007, upload-time = "2025-09-16T16:39:03.427Z" },
    { url = "https://files.pythonhosted.org/packages/7b/61/e9ea839af2caadfde91774549a6f72450b72efdc92117995e7117d4b1270/pymongo-4.15.1-cp313-cp313-win_amd64.whl", hash = "sha256:b70201a6dbe19d0d10a886989d3ba4b857ea6ef402a22a61c8ca387b937cc065", size = 962236, upload-time = "2025-09-16T16:39:05.018Z" },
    { url = "https://files.pythonhosted.org/packages/ad/f8/0a92a72993b2e1c110ee532650624ca7ae15c5e45906dbae4f063a2fd32a/pymongo-4.15.1-cp313-cp313-win_arm64.whl", hash = "sha256:6892ebf8b2bc345cacfe1301724195d87162f02d01c417175e9f27d276a2f198", size = 944138, upload-time = "2025-09-16T16:39:07.035Z" },
    { url = "https://files.pythonhosted.org/packages/e5/eb/2ba257482844bb2e3c82c6b266d6e811bc610fa80408133e352cc1afb3c9/pymongo-4.15.1-cp313-cp313t-macosx_10_13_x86_64.whl", hash = "sha256:db439288516514713c8ee09c9baaf66bc4b0188fbe4cd578ef3433ee27699aab", size = 1030987, upload-time = "2025-09-16T16:39:08.914Z" },
    { url = "https://files.pythonhosted.org/packages/0d/86/8c6eab3767251ba77a3604d3b6b0826d0af246bd04b2d16aced3a54f08b0/pymongo-4.15.1-cp313-cp313t-macosx_11_0_arm64.whl", hash = "sha256:234c80a5f21c8854cc5d6c2f5541ff17dd645b99643587c5e7ed1e21d42003b6", size = 1030996, upload-time = "2025-09-16T16:39:10.429Z" },
    { url = "https://files.pythonhosted.org/packages/5b/26/c1bc0bcb64f39b9891b8b537f21cc37d668edd8b93f47ed930af7f95649c/pymongo-4.15.1-cp313-cp313t-manylinux_2_17_aarch64.manylinux2014_aarch64.whl", hash = "sha256:b570dc8179dcab980259b885116b14462bcf39170e30d8cbcce6f17f28a2ac5b", size = 2290670, upload-time = "2025-09-16T16:39:12.348Z" },
    { url = "https://files.pythonhosted.org/packages/82/af/f5e8b6c404a3678a99bf0b704f7b19fa14a71edb42d724eb09147aa1d3be/pymongo-4.15.1-cp313-cp313t-manylinux_2_17_ppc64le.manylinux2014_ppc64le.whl", hash = "sha256:cb6321bde02308d4d313b487d19bfae62ea4d37749fc2325b1c12388e05e4c31", size = 2377711, upload-time = "2025-09-16T16:39:13.992Z" },
    { url = "https://files.pythonhosted.org/packages/af/f4/63bcc1760bf3e0925cb6cb91b2b3ba756c113b1674a14b41efe7e3738b8d/pymongo-4.15.1-cp313-cp313t-manylinux_2_17_s390x.manylinux2014_s390x.whl", hash = "sha256:cc808588289f693aba80fae8272af4582a7d6edc4e95fb8fbf65fe6f634116ce", size = 2337097, upload-time = "2025-09-16T16:39:15.717Z" },
    { url = "https://files.pythonhosted.org/packages/d0/dc/0cfada0426556b4b04144fb00ce6a1e7535ab49623d4d9dd052d27ea46c0/pymongo-4.15.1-cp313-cp313t-manylinux_2_17_x86_64.manylinux2014_x86_64.whl", hash = "sha256:99236fd0e0cf6b048a4370d0df6820963dc94f935ad55a2e29af752272abd6c9", size = 2288295, upload-time = "2025-09-16T16:39:17.385Z" },
    { url = "https://files.pythonhosted.org/packages/5b/a8/081a80f60042d2b8cd6a1c091ecaa186f1ef216b587d06acd0743e1016c6/pymongo-4.15.1-cp313-cp313t-manylinux_2_5_i686.manylinux1_i686.manylinux_2_17_i686.manylinux2014_i686.whl", hash = "sha256:2277548bb093424742325b2a88861d913d8990f358fc71fd26004d1b87029bb8", size = 2227616, upload-time = "2025-09-16T16:39:19.025Z" },
    { url = "https://files.pythonhosted.org/packages/56/d0/a6007e0c3c5727391ac5ea40e93a1e7d14146c65ac4ca731c0680962eb48/pymongo-4.15.1-cp313-cp313t-win32.whl", hash = "sha256:754a5d75c33d49691e2b09a4e0dc75959e271a38cbfd92c6b36f7e4eafc4608e", size = 987225, upload-time = "2025-09-16T16:39:20.663Z" },
    { url = "https://files.pythonhosted.org/packages/9d/97/c9bf6dcd647a8cf7abbad5814dfb7d8a16e6ab92a3e56343b3bcb454a6d3/pymongo-4.15.1-cp313-cp313t-win_amd64.whl", hash = "sha256:8d62e68ad21661e536555d0683087a14bf5c74b242a4446c602d16080eb9e293", size = 1017521, upload-time = "2025-09-16T16:39:22.319Z" },
    { url = "https://files.pythonhosted.org/packages/31/ea/102f7c9477302fa05e5303dd504781ac82400e01aab91bfba9c290253bd6/pymongo-4.15.1-cp313-cp313t-win_arm64.whl", hash = "sha256:56bbfb79b51e95f4b1324a5a7665f3629f4d27c18e2002cfaa60c907cc5369d9", size = 992963, upload-time = "2025-09-16T16:39:23.957Z" },
]

[[package]]
name = "pytricia"
version = "1.3.0"
source = { registry = "https://pypi.org/simple" }
sdist = { url = "https://files.pythonhosted.org/packages/42/c6/e077cffbf4a2f364657b757fccd8f4694bffc6350fc30a563246bc5fbd9d/pytricia-1.3.0.tar.gz", hash = "sha256:1c3a3d6909e10d4c9c2f0fe4542a2481e109d29aab99cc027ca7fe93f8c8853f", size = 34118, upload-time = "2025-09-15T14:46:33.943Z" }

[[package]]
name = "six"
version = "1.17.0"
source = { registry = "https://pypi.org/simple" }
sdist = { url = "https://files.pythonhosted.org/packages/94/e7/b2c673351809dca68a0e064b6af791aa332cf192da575fd474ed7d6f16a2/six-1.17.0.tar.gz", hash = "sha256:ff70335d468e7eb6ec65b95b99d3a2836546063f63acc5171de367e834932a81", size = 34031, upload-time = "2024-12-04T17:35:28.174Z" }
wheels = [
    { url = "https://files.pythonhosted.org/packages/b7/ce/149a00dd41f10bc29e5921b496af8b574d8413afcd5e30dfa0ed46c2cc5e/six-1.17.0-py2.py3-none-any.whl", hash = "sha256:4721f391ed90541fddacab5acf947aa0d3dc7d27b2e1e8eda2be8970586c3274", size = 11050, upload-time = "2024-12-04T17:35:26.475Z" },
]

[[package]]
name = "treelib"
version = "1.8.0"
source = { registry = "https://pypi.org/simple" }
dependencies = [
    { name = "six" },
]
sdist = { url = "https://files.pythonhosted.org/packages/7a/31/145bdbee73d7ee4ac4e879c37faa196a32208b288ca4f308c1ad8db3f010/treelib-1.8.0.tar.gz", hash = "sha256:e1be2c6b66ffbfae85079fc4c76fb4909946d01d915ee29ff6795de53aed5d55", size = 28607, upload-time = "2025-06-29T15:06:49.293Z" }
wheels = [
    { url = "https://files.pythonhosted.org/packages/2e/24/32361f5d0e2eff7ff1881ac6833b6b090cfe34515b1ee9082636cbe69442/treelib-1.8.0-py3-none-any.whl", hash = "sha256:5235d1ebf988c5026f26ce6e5e0cd470007f16d4978185f5c9b3eee8a25aef81", size = 30728, upload-time = "2025-06-29T15:06:48.248Z" },
]
